# THIS IS AN AUTOGENERATED FILE. DO NOT EDIT THIS FILE DIRECTLY.
# yarn lockfile v1


p5@^0.8.0:
  version "0.8.0"
  resolved "https://registry.yarnpkg.com/p5/-/p5-0.8.0.tgz#af4cd2f25b2e77023dff24d845cbdbdaa47d4fd2"
  integrity sha512-X415HATmOwcbWpgXTCHyDNdcGTNuzuZFaW9GoOsZd3PFrTmugdf+xLr9AO+rGHxBOFgdqfaj766vJeH1wPkCrQ==
